
Microsoft Visual Studio Solution File, Format Version 12.00
# Visual Studio Version 16
VisualStudioVersion = 16.0.31702.278
MinimumVisualStudioVersion = 10.0.40219.1
Project("{FAE04EC0-301F-11D3-BF4B-00C04F79EFBC}") = "Project5", "Project5\Project5.csproj", "{AD363AE0-E5D4-4AC2-9802-D3ACC82BD492}"
EndProject
Global
	GlobalSection(SolutionConfigurationPlatforms) = preSolution
		Debug|Any CPU = Debug|Any CPU
		Release|Any CPU = Release|Any CPU
	EndGlobalSection
	GlobalSection(ProjectConfigurationPlatforms) = postSolution
		{AD363AE0-E5D4-4AC2-9802-D3ACC82BD492}.Debug|Any CPU.ActiveCfg = Debug|Any CPU
		{AD363AE0-E5D4-4AC2-9802-D3ACC82BD492}.Debug|Any CPU.Build.0 = Debug|Any CPU
		{AD363AE0-E5D4-4AC2-9802-D3ACC82BD492}.Release|Any CPU.ActiveCfg = Release|Any CPU
		{AD363AE0-E5D4-4AC2-9802-D3ACC82BD492}.Release|Any CPU.Build.0 = Release|Any CPU
	EndGlobalSection
	GlobalSection(SolutionProperties) = preSolution
		HideSolutionNode = FALSE
	EndGlobalSection
	GlobalSection(ExtensibilityGlobals) = postSolution
		SolutionGuid = {74A30001-B27A-43D7-B93A-C2BE6E3B8F6A}
	EndGlobalSection
EndGlobal
